
Microsoft Visual Studio Solution File, Format Version 12.00
Project("{2150E333-8FDC-42A3-9474-1A3956D46DE8}") = "src", "src", "{827E0CD3-B72D-47B6-A68D-7590B98EB39B}"
EndProject
Project("{FAE04EC0-301F-11D3-BF4B-00C04F79EFBC}") = "Nexus.Core", "src\Nexus.Core\Nexus.Core.csproj", "{4E0ABE68-E737-4BCD-881E-84ABE1DBE8F8}"
EndProject
Project("{FAE04EC0-301F-11D3-BF4B-00C04F79EFBC}") = "Nexus.App", "src\Nexus.App\Nexus.App.csproj", "{1AE3F3D2-0E34-456D-BB98-3A9722D6B872}"
EndProject
Project("{FAE04EC0-301F-11D3-BF4B-00C04F79EFBC}") = "Nexus.Mcp", "src\Nexus.Mcp\Nexus.Mcp.csproj", "{25B5211B-1AA8-4300-BEF1-7E5E4C463D60}"
EndProject
Project("{FAE04EC0-301F-11D3-BF4B-00C04F79EFBC}") = "Nexus.State", "src\Nexus.State\Nexus.State.csproj", "{CA6DE1FA-DE59-4D19-A5E8-D8CC8C399CAB}"
EndProject
Project("{2150E333-8FDC-42A3-9474-1A3956D46DE8}") = "tests", "tests", "{0AB3BF05-4346-4AA6-1389-037BE0695223}"
EndProject
Project("{FAE04EC0-301F-11D3-BF4B-00C04F79EFBC}") = "Nexus.Core.Tests", "tests\Nexus.Core.Tests\Nexus.Core.Tests.csproj", "{818EEDB2-8259-461E-AFAA-88476C742847}"
EndProject
Global
	GlobalSection(SolutionConfigurationPlatforms) = preSolution
		Debug|Any CPU = Debug|Any CPU
		Debug|x64 = Debug|x64
		Debug|x86 = Debug|x86
		Release|Any CPU = Release|Any CPU
		Release|x64 = Release|x64
		Release|x86 = Release|x86
	EndGlobalSection
	GlobalSection(ProjectConfigurationPlatforms) = postSolution
		{4E0ABE68-E737-4BCD-881E-84ABE1DBE8F8}.Debug|Any CPU.ActiveCfg = Debug|Any CPU
		{4E0ABE68-E737-4BCD-881E-84ABE1DBE8F8}.Debug|Any CPU.Build.0 = Debug|Any CPU
		{4E0ABE68-E737-4BCD-881E-84ABE1DBE8F8}.Debug|x64.ActiveCfg = Debug|Any CPU
		{4E0ABE68-E737-4BCD-881E-84ABE1DBE8F8}.Debug|x64.Build.0 = Debug|Any CPU
		{4E0ABE68-E737-4BCD-881E-84ABE1DBE8F8}.Debug|x86.ActiveCfg = Debug|Any CPU
		{4E0ABE68-E737-4BCD-881E-84ABE1DBE8F8}.Debug|x86.Build.0 = Debug|Any CPU
		{4E0ABE68-E737-4BCD-881E-84ABE1DBE8F8}.Release|Any CPU.ActiveCfg = Release|Any CPU
		{4E0ABE68-E737-4BCD-881E-84ABE1DBE8F8}.Release|Any CPU.Build.0 = Release|Any CPU
		{4E0ABE68-E737-4BCD-881E-84ABE1DBE8F8}.Release|x64.ActiveCfg = Release|Any CPU
		{4E0ABE68-E737-4BCD-881E-84ABE1DBE8F8}.Release|x64.Build.0 = Release|Any CPU
		{4E0ABE68-E737-4BCD-881E-84ABE1DBE8F8}.Release|x86.ActiveCfg = Release|Any CPU
		{4E0ABE68-E737-4BCD-881E-84ABE1DBE8F8}.Release|x86.Build.0 = Release|Any CPU
		{1AE3F3D2-0E34-456D-BB98-3A9722D6B872}.Debug|Any CPU.ActiveCfg = Debug|Any CPU
		{1AE3F3D2-0E34-456D-BB98-3A9722D6B872}.Debug|Any CPU.Build.0 = Debug|Any CPU
		{1AE3F3D2-0E34-456D-BB98-3A9722D6B872}.Debug|x64.ActiveCfg = Debug|Any CPU
		{1AE3F3D2-0E34-456D-BB98-3A9722D6B872}.Debug|x64.Build.0 = Debug|Any CPU
		{1AE3F3D2-0E34-456D-BB98-3A9722D6B872}.Debug|x86.ActiveCfg = Debug|Any CPU
		{1AE3F3D2-0E34-456D-BB98-3A9722D6B872}.Debug|x86.Build.0 = Debug|Any CPU
		{1AE3F3D2-0E34-456D-BB98-3A9722D6B872}.Release|Any CPU.ActiveCfg = Release|Any CPU
		{1AE3F3D2-0E34-456D-BB98-3A9722D6B872}.Release|Any CPU.Build.0 = Release|Any CPU
		{1AE3F3D2-0E34-456D-BB98-3A9722D6B872}.Release|x64.ActiveCfg = Release|Any CPU
		{1AE3F3D2-0E34-456D-BB98-3A9722D6B872}.Release|x64.Build.0 = Release|Any CPU
		{1AE3F3D2-0E34-456D-BB98-3A9722D6B872}.Release|x86.ActiveCfg = Release|Any CPU
		{1AE3F3D2-0E34-456D-BB98-3A9722D6B872}.Release|x86.Build.0 = Release|Any CPU
		{25B5211B-1AA8-4300-BEF1-7E5E4C463D60}.Debug|Any CPU.ActiveCfg = Debug|Any CPU
		{25B5211B-1AA8-4300-BEF1-7E5E4C463D60}.Debug|Any CPU.Build.0 = Debug|Any CPU
		{25B5211B-1AA8-4300-BEF1-7E5E4C463D60}.Debug|x64.ActiveCfg = Debug|Any CPU
		{25B5211B-1AA8-4300-BEF1-7E5E4C463D60}.Debug|x64.Build.0 = Debug|Any CPU
		{25B5211B-1AA8-4300-BEF1-7E5E4C463D60}.Debug|x86.ActiveCfg = Debug|Any CPU
		{25B5211B-1AA8-4300-BEF1-7E5E4C463D60}.Debug|x86.Build.0 = Debug|Any CPU
		{25B5211B-1AA8-4300-BEF1-7E5E4C463D60}.Release|Any CPU.ActiveCfg = Release|Any CPU
		{25B5211B-1AA8-4300-BEF1-7E5E4C463D60}.Release|Any CPU.Build.0 = Release|Any CPU
		{25B5211B-1AA8-4300-BEF1-7E5E4C463D60}.Release|x64.ActiveCfg = Release|Any CPU
		{25B5211B-1AA8-4300-BEF1-7E5E4C463D60}.Release|x64.Build.0 = Release|Any CPU
		{25B5211B-1AA8-4300-BEF1-7E5E4C463D60}.Release|x86.ActiveCfg = Release|Any CPU
		{25B5211B-1AA8-4300-BEF1-7E5E4C463D60}.Release|x86.Build.0 = Release|Any CPU
		{CA6DE1FA-DE59-4D19-A5E8-D8CC8C399CAB}.Debug|Any CPU.ActiveCfg = Debug|Any CPU
		{CA6DE1FA-DE59-4D19-A5E8-D8CC8C399CAB}.Debug|Any CPU.Build.0 = Debug|Any CPU
		{CA6DE1FA-DE59-4D19-A5E8-D8CC8C399CAB}.Debug|x64.ActiveCfg = Debug|Any CPU
		{CA6DE1FA-DE59-4D19-A5E8-D8CC8C399CAB}.Debug|x64.Build.0 = Debug|Any CPU
		{CA6DE1FA-DE59-4D19-A5E8-D8CC8C399CAB}.Debug|x86.ActiveCfg = Debug|Any CPU
		{CA6DE1FA-DE59-4D19-A5E8-D8CC8C399CAB}.Debug|x86.Build.0 = Debug|Any CPU
		{CA6DE1FA-DE59-4D19-A5E8-D8CC8C399CAB}.Release|Any CPU.ActiveCfg = Release|Any CPU
		{CA6DE1FA-DE59-4D19-A5E8-D8CC8C399CAB}.Release|Any CPU.Build.0 = Release|Any CPU
		{CA6DE1FA-DE59-4D19-A5E8-D8CC8C399CAB}.Release|x64.ActiveCfg = Release|Any CPU
		{CA6DE1FA-DE59-4D19-A5E8-D8CC8C399CAB}.Release|x64.Build.0 = Release|Any CPU
		{CA6DE1FA-DE59-4D19-A5E8-D8CC8C399CAB}.Release|x86.ActiveCfg = Release|Any CPU
		{CA6DE1FA-DE59-4D19-A5E8-D8CC8C399CAB}.Release|x86.Build.0 = Release|Any CPU
		{818EEDB2-8259-461E-AFAA-88476C742847}.Debug|Any CPU.ActiveCfg = Debug|Any CPU
		{818EEDB2-8259-461E-AFAA-88476C742847}.Debug|Any CPU.Build.0 = Debug|Any CPU
		{818EEDB2-8259-461E-AFAA-88476C742847}.Debug|x64.ActiveCfg = Debug|Any CPU
		{818EEDB2-8259-461E-AFAA-88476C742847}.Debug|x64.Build.0 = Debug|Any CPU
		{818EEDB2-8259-461E-AFAA-88476C742847}.Debug|x86.ActiveCfg = Debug|Any CPU
		{818EEDB2-8259-461E-AFAA-88476C742847}.Debug|x86.Build.0 = Debug|Any CPU
		{818EEDB2-8259-461E-AFAA-88476C742847}.Release|Any CPU.ActiveCfg = Release|Any CPU
		{818EEDB2-8259-461E-AFAA-88476C742847}.Release|Any CPU.Build.0 = Release|Any CPU
		{818EEDB2-8259-461E-AFAA-88476C742847}.Release|x64.ActiveCfg = Release|Any CPU
		{818EEDB2-8259-461E-AFAA-88476C742847}.Release|x64.Build.0 = Release|Any CPU
		{818EEDB2-8259-461E-AFAA-88476C742847}.Release|x86.ActiveCfg = Release|Any CPU
		{818EEDB2-8259-461E-AFAA-88476C742847}.Release|x86.Build.0 = Release|Any CPU
	EndGlobalSection
	GlobalSection(SolutionProperties) = preSolution
		HideSolutionNode = FALSE
	EndGlobalSection
	GlobalSection(NestedProjects) = preSolution
		{4E0ABE68-E737-4BCD-881E-84ABE1DBE8F8} = {827E0CD3-B72D-47B6-A68D-7590B98EB39B}
		{1AE3F3D2-0E34-456D-BB98-3A9722D6B872} = {827E0CD3-B72D-47B6-A68D-7590B98EB39B}
		{25B5211B-1AA8-4300-BEF1-7E5E4C463D60} = {827E0CD3-B72D-47B6-A68D-7590B98EB39B}
		{CA6DE1FA-DE59-4D19-A5E8-D8CC8C399CAB} = {827E0CD3-B72D-47B6-A68D-7590B98EB39B}
		{818EEDB2-8259-461E-AFAA-88476C742847} = {0AB3BF05-4346-4AA6-1389-037BE0695223}
	EndGlobalSection
EndGlobal
